
Microsoft Visual Studio Solution File, Format Version 12.00
Project("{FAE04EC0-301F-11D3-BF4B-00C04F79EFBC}") = "Day1", "Day1\Day1.csproj", "{0623E922-8796-4624-96E4-838A686032A0}"
EndProject
Project("{FAE04EC0-301F-11D3-BF4B-00C04F79EFBC}") = "Day2", "Day2\Day2.csproj", "{BE834B8A-24F1-4371-8058-967AECEB1170}"
EndProject
Project("{FAE04EC0-301F-11D3-BF4B-00C04F79EFBC}") = "Day3", "Day3\Day3.csproj", "{5EA071B9-277C-47E4-8A9B-5D031411DE8B}"
EndProject
Global
	GlobalSection(SolutionConfigurationPlatforms) = preSolution
		Debug|Any CPU = Debug|Any CPU
		Release|Any CPU = Release|Any CPU
	EndGlobalSection
	GlobalSection(ProjectConfigurationPlatforms) = postSolution
		{0623E922-8796-4624-96E4-838A686032A0}.Debug|Any CPU.ActiveCfg = Debug|Any CPU
		{0623E922-8796-4624-96E4-838A686032A0}.Debug|Any CPU.Build.0 = Debug|Any CPU
		{0623E922-8796-4624-96E4-838A686032A0}.Release|Any CPU.ActiveCfg = Release|Any CPU
		{0623E922-8796-4624-96E4-838A686032A0}.Release|Any CPU.Build.0 = Release|Any CPU
		{BE834B8A-24F1-4371-8058-967AECEB1170}.Debug|Any CPU.ActiveCfg = Debug|Any CPU
		{BE834B8A-24F1-4371-8058-967AECEB1170}.Debug|Any CPU.Build.0 = Debug|Any CPU
		{BE834B8A-24F1-4371-8058-967AECEB1170}.Release|Any CPU.ActiveCfg = Release|Any CPU
		{BE834B8A-24F1-4371-8058-967AECEB1170}.Release|Any CPU.Build.0 = Release|Any CPU
		{5EA071B9-277C-47E4-8A9B-5D031411DE8B}.Debug|Any CPU.ActiveCfg = Debug|Any CPU
		{5EA071B9-277C-47E4-8A9B-5D031411DE8B}.Debug|Any CPU.Build.0 = Debug|Any CPU
		{5EA071B9-277C-47E4-8A9B-5D031411DE8B}.Release|Any CPU.ActiveCfg = Release|Any CPU
		{5EA071B9-277C-47E4-8A9B-5D031411DE8B}.Release|Any CPU.Build.0 = Release|Any CPU
	EndGlobalSection
EndGlobal
